{
  "nodes": {
    "disko": {
      "inputs": {
        "nixpkgs": "nixpkgs"
      },
      "locked": {
        "lastModified": 1736864502,
        "narHash": "sha256-ItkIZyebGvNH2dK9jVGzJHGPtb6BSWLN8Gmef16NeY0=",
        "owner": "nix-community",
        "repo": "disko",
        "rev": "0141aabed359f063de7413f80d906e1d98c0c123",
        "type": "github"
      },
      "original": {
        "owner": "nix-community",
        "ref": "latest",
        "repo": "disko",
        "type": "github"
      }
    },
    "flake-utils": {
      "inputs": {
        "systems": "systems"
      },
      "locked": {
        "lastModified": 1731533236,
        "narHash": "sha256-l0KFg5HjrsfsO/JpG+r7fRrqm12kzFHyUHqHCVpMMbI=",
        "owner": "numtide",
        "repo": "flake-utils",
        "rev": "11707dc2f618dd54ca8739b309ec4fc024de578b",
        "type": "github"
      },
      "original": {
        "owner": "numtide",
        "repo": "flake-utils",
        "type": "github"
      }
    },
    "flake-utils_2": {
      "inputs": {
        "systems": "systems_2"
      },
      "locked": {
        "lastModified": 1731533236,
        "narHash": "sha256-l0KFg5HjrsfsO/JpG+r7fRrqm12kzFHyUHqHCVpMMbI=",
        "owner": "numtide",
        "repo": "flake-utils",
        "rev": "11707dc2f618dd54ca8739b309ec4fc024de578b",
        "type": "github"
      },
      "original": {
        "owner": "numtide",
        "repo": "flake-utils",
        "type": "github"
      }
    },
    "jetpack-nixos": {
      "inputs": {
        "nixpkgs": "nixpkgs_2"
      },
      "locked": {
        "lastModified": 1747039537,
        "narHash": "sha256-RC27FVnlwM7so1lMRP7mnZcs+twcMbc7Z/a0P3cX94c=",
        "owner": "tiiuae",
        "repo": "jetpack-nixos",
        "rev": "956a952392cd03243ff380e09d464021f8e6c6b7",
        "type": "github"
      },
      "original": {
        "owner": "tiiuae",
        "ref": "final-stretch",
        "repo": "jetpack-nixos",
        "type": "github"
      }
    },
    "nixpkgs": {
      "locked": {
        "lastModified": 1736241350,
        "narHash": "sha256-CHd7yhaDigUuJyDeX0SADbTM9FXfiWaeNyY34FL1wQU=",
        "owner": "NixOS",
        "repo": "nixpkgs",
        "rev": "8c9fd3e564728e90829ee7dbac6edc972971cd0f",
        "type": "github"
      },
      "original": {
        "owner": "NixOS",
        "ref": "nixpkgs-unstable",
        "repo": "nixpkgs",
        "type": "github"
      }
    },
    "nixpkgs_2": {
      "locked": {
        "lastModified": 1737648073,
        "narHash": "sha256-45oyU4B2pK/JRh7m3ZNczCNFIgEYa6Yr147Wd9UdVKo=",
        "owner": "nixos",
        "repo": "nixpkgs",
        "rev": "4fd304c580d3704b4f3a9955b354148b4f1d73b1",
        "type": "github"
      },
      "original": {
        "owner": "nixos",
        "repo": "nixpkgs",
        "rev": "4fd304c580d3704b4f3a9955b354148b4f1d73b1",
        "type": "github"
      }
    },
    "nixpkgs_3": {
      "locked": {
        "lastModified": 1742069588,
        "narHash": "sha256-C7jVfohcGzdZRF6DO+ybyG/sqpo1h6bZi9T56sxLy+k=",
        "owner": "nixos",
        "repo": "nixpkgs",
        "rev": "c80f6a7e10b39afcc1894e02ef785b1ad0b0d7e5",
        "type": "github"
      },
      "original": {
        "owner": "nixos",
        "ref": "nixos-unstable",
        "repo": "nixpkgs",
        "type": "github"
      }
    },
    "nixpkgs_4": {
      "locked": {
        "lastModified": 1746397377,
        "narHash": "sha256-5oLdRa3vWSRbuqPIFFmQBGGUqaYZBxX+GGtN9f/n4lU=",
        "owner": "nixos",
        "repo": "nixpkgs",
        "rev": "ed30f8aba41605e3ab46421e3dcb4510ec560ff8",
        "type": "github"
      },
      "original": {
        "owner": "nixos",
        "ref": "nixpkgs-unstable",
        "repo": "nixpkgs",
        "type": "github"
      }
    },
    "root": {
      "inputs": {
        "disko": "disko",
        "flake-utils": "flake-utils",
        "jetpack-nixos": "jetpack-nixos",
        "nixpkgs": "nixpkgs_3",
        "tinygrad": "tinygrad",
        "tinygrad-src": "tinygrad-src"
      }
    },
    "systems": {
      "locked": {
        "lastModified": 1681028828,
        "narHash": "sha256-Vy1rq5AaRuLzOxct8nz4T6wlgyUR7zLU309k9mBC768=",
        "owner": "nix-systems",
        "repo": "default",
        "rev": "da67096a3b9bf56a91d16901293e51ba5b49a27e",
        "type": "github"
      },
      "original": {
        "owner": "nix-systems",
        "repo": "default",
        "type": "github"
      }
    },
    "systems_2": {
      "locked": {
        "lastModified": 1681028828,
        "narHash": "sha256-Vy1rq5AaRuLzOxct8nz4T6wlgyUR7zLU309k9mBC768=",
        "owner": "nix-systems",
        "repo": "default",
        "rev": "da67096a3b9bf56a91d16901293e51ba5b49a27e",
        "type": "github"
      },
      "original": {
        "owner": "nix-systems",
        "repo": "default",
        "type": "github"
      }
    },
    "tinygrad": {
      "inputs": {
        "flake-utils": "flake-utils_2",
        "nixpkgs": "nixpkgs_4",
        "tinygrad": [
          "tinygrad-src"
        ]
      },
      "locked": {
        "lastModified": 1748586719,
        "narHash": "sha256-cN6H+odXkBGu26DT6TcfhRtbXWNWsni991HGZ2niRTo=",
        "owner": "wozeparrot",
        "repo": "tinygrad-nix",
        "rev": "ec65cec1e581f5517054a60e4319428735104bbe",
        "type": "github"
      },
      "original": {
        "owner": "wozeparrot",
        "repo": "tinygrad-nix",
        "type": "github"
      }
    },
    "tinygrad-src": {
      "flake": false,
      "locked": {
        "lastModified": 1748570513,
        "narHash": "sha256-TTcgkpoygVRaij4XRAQa1n0Iku2Mt5conNuO9LHzsxs=",
        "owner": "wozeparrot",
        "repo": "tinygrad",
        "rev": "6b1057539265d4c28a33038d8ee5a2a4843aac1e",
        "type": "github"
      },
      "original": {
        "owner": "wozeparrot",
        "ref": "local_remote_compile",
        "repo": "tinygrad",
        "type": "github"
      }
    }
  },
  "root": "root",
  "version": 7
}
